
Microsoft Visual Studio Solution File, Format Version 12.00
# Visual Studio Version 16
VisualStudioVersion = 16.0.31410.357
MinimumVisualStudioVersion = 10.0.40219.1
Project("{FAE04EC0-301F-11D3-BF4B-00C04F79EFBC}") = "Tutorial.RabbitMQ.Console.Send", "Tutorial.RabbitMQ.Console.Send\Tutorial.RabbitMQ.Console.Send.csproj", "{3A9EB80C-C64E-4EB0-A0A9-EB2AF3C468C3}"
EndProject
Project("{FAE04EC0-301F-11D3-BF4B-00C04F79EFBC}") = "Tutorial.RabbitMQ.Console.Receive", "Tutorial.RabbitMQ.Console.Receive\Tutorial.RabbitMQ.Console.Receive.csproj", "{83FF2D0B-EE44-45A5-BCA9-8E9A9A283C83}"
EndProject
Global
	GlobalSection(SolutionConfigurationPlatforms) = preSolution
		Debug|Any CPU = Debug|Any CPU
		Release|Any CPU = Release|Any CPU
	EndGlobalSection
	GlobalSection(ProjectConfigurationPlatforms) = postSolution
		{3A9EB80C-C64E-4EB0-A0A9-EB2AF3C468C3}.Debug|Any CPU.ActiveCfg = Debug|Any CPU
		{3A9EB80C-C64E-4EB0-A0A9-EB2AF3C468C3}.Debug|Any CPU.Build.0 = Debug|Any CPU
		{3A9EB80C-C64E-4EB0-A0A9-EB2AF3C468C3}.Release|Any CPU.ActiveCfg = Release|Any CPU
		{3A9EB80C-C64E-4EB0-A0A9-EB2AF3C468C3}.Release|Any CPU.Build.0 = Release|Any CPU
		{83FF2D0B-EE44-45A5-BCA9-8E9A9A283C83}.Debug|Any CPU.ActiveCfg = Debug|Any CPU
		{83FF2D0B-EE44-45A5-BCA9-8E9A9A283C83}.Debug|Any CPU.Build.0 = Debug|Any CPU
		{83FF2D0B-EE44-45A5-BCA9-8E9A9A283C83}.Release|Any CPU.ActiveCfg = Release|Any CPU
		{83FF2D0B-EE44-45A5-BCA9-8E9A9A283C83}.Release|Any CPU.Build.0 = Release|Any CPU
	EndGlobalSection
	GlobalSection(SolutionProperties) = preSolution
		HideSolutionNode = FALSE
	EndGlobalSection
	GlobalSection(ExtensibilityGlobals) = postSolution
		SolutionGuid = {F38BDFBB-F9A8-4372-973D-39FB03E21EA4}
	EndGlobalSection
EndGlobal
