
Microsoft Visual Studio Solution File, Format Version 12.00
# Visual Studio Version 16
VisualStudioVersion = 16.0.31410.357
MinimumVisualStudioVersion = 10.0.40219.1
Project("{9A19103F-16F7-4668-BE54-9A1E7A4F7556}") = "Tutorial.RabbitMQ.Console.Send", "Tutorial.RabbitMQ.Console.Send\Tutorial.RabbitMQ.Console.Send.csproj", "{3A9EB80C-C64E-4EB0-A0A9-EB2AF3C468C3}"
EndProject
Project("{9A19103F-16F7-4668-BE54-9A1E7A4F7556}") = "Tutorial.RabbitMQ.Console.Receive", "Tutorial.RabbitMQ.Console.Receive\Tutorial.RabbitMQ.Console.Receive.csproj", "{83FF2D0B-EE44-45A5-BCA9-8E9A9A283C83}"
EndProject
Project("{2150E333-8FDC-42A3-9474-1A3956D46DE8}") = "1. Tutorial 1 - Basic Producer and Consumer", "1. Tutorial 1 - Basic Producer and Consumer", "{0CEB372D-E82E-43EB-9386-C340A3EBD2B2}"
EndProject
Project("{9A19103F-16F7-4668-BE54-9A1E7A4F7556}") = "Tutorial.RabbitMQ.Console.NewTask", "Tutorial.RabbitMQ.Console.NewTask\Tutorial.RabbitMQ.Console.NewTask.csproj", "{E1D63EAD-60E9-4FE5-B11B-A32995992AFC}"
EndProject
Project("{2150E333-8FDC-42A3-9474-1A3956D46DE8}") = "2. Tutorial 2 - Work Queues", "2. Tutorial 2 - Work Queues", "{C6745A90-0523-45D5-8D40-8406CBBE2D5A}"
EndProject
Project("{9A19103F-16F7-4668-BE54-9A1E7A4F7556}") = "Tutorial.RabbitMQ.Console.Worker", "Tutorial.RabbitMQ.Console.Worker\Tutorial.RabbitMQ.Console.Worker.csproj", "{95234244-9F35-48B5-84B5-421D2BE20264}"
EndProject
Project("{2150E333-8FDC-42A3-9474-1A3956D46DE8}") = "3. Tutorial 3 - Publish and Subscribe", "3. Tutorial 3 - Publish and Subscribe", "{ECFD14A2-DC0A-4F2E-A12B-5F9C2D57CE11}"
EndProject
Project("{9A19103F-16F7-4668-BE54-9A1E7A4F7556}") = "Tutorial.RabbitMQ.Console.EmitLog", "Tutorial.RabbitMQ.Console.EmitLog\Tutorial.RabbitMQ.Console.EmitLog.csproj", "{33D24547-D67D-4FEB-8C26-E7DFFA3527A4}"
EndProject
Project("{9A19103F-16F7-4668-BE54-9A1E7A4F7556}") = "Tutorial.RabbitMQ.Console.ReceiveLogs", "Tutorial.RabbitMQ.Console.ReceiveLogs\Tutorial.RabbitMQ.Console.ReceiveLogs.csproj", "{BB96A1AD-69F5-4D7A-B305-4E5D7E87A2BF}"
EndProject
Project("{2150E333-8FDC-42A3-9474-1A3956D46DE8}") = "4. Tutorial 4 - Routing", "4. Tutorial 4 - Routing", "{C487ED4B-21F0-4969-86BB-863B088BD7B0}"
EndProject
Project("{FAE04EC0-301F-11D3-BF4B-00C04F79EFBC}") = "Tutorial.RabbitMQ.Console.EmitLogDirect", "Tutorial.RabbitMQ.Console.EmitLogDirect\Tutorial.RabbitMQ.Console.EmitLogDirect.csproj", "{36029E5A-A2EF-445F-ABB0-5BCBD25E44FD}"
EndProject
Project("{FAE04EC0-301F-11D3-BF4B-00C04F79EFBC}") = "Tutorial.RabbitMQ.Console.ReceiveLogsDirect", "Tutorial.RabbitMQ.Console.ReceiveLogsDirect\Tutorial.RabbitMQ.Console.ReceiveLogsDirect.csproj", "{9F3ECD8E-BEB4-459D-89BD-0705E87FED73}"
EndProject
Project("{2150E333-8FDC-42A3-9474-1A3956D46DE8}") = "5. Tutorial 5 - Topics", "5. Tutorial 5 - Topics", "{E13BE1D4-CB15-4A45-8097-397D9E552000}"
EndProject
Project("{FAE04EC0-301F-11D3-BF4B-00C04F79EFBC}") = "Tutorial.RabbitMQ.Console.EmitLogTopic", "Tutorial.RabbitMQ.Console.EmitLogTopic\Tutorial.RabbitMQ.Console.EmitLogTopic.csproj", "{09AB929F-73B6-4024-B911-AF2F03A1837B}"
EndProject
Project("{FAE04EC0-301F-11D3-BF4B-00C04F79EFBC}") = "Tutorial.RabbitMQ.Console.ReceiveLogsTopic", "Tutorial.RabbitMQ.Console.ReceiveLogsTopic\Tutorial.RabbitMQ.Console.ReceiveLogsTopic.csproj", "{6C0F7FED-3833-430C-9CB1-1E635030A48B}"
EndProject
Project("{2150E333-8FDC-42A3-9474-1A3956D46DE8}") = "6. Tutorial 6 - RPC", "6. Tutorial 6 - RPC", "{97523ADE-31E1-4C9D-B7FD-BC9C6C1C2DF9}"
EndProject
Project("{FAE04EC0-301F-11D3-BF4B-00C04F79EFBC}") = "Tutorial.RabbitMQ.Console.RPCServer", "Tutorial.RabbitMQ.Console.RPCServer\Tutorial.RabbitMQ.Console.RPCServer.csproj", "{B1D95063-4309-425E-9134-A2C3C4B019F8}"
EndProject
Project("{FAE04EC0-301F-11D3-BF4B-00C04F79EFBC}") = "Tutorial.RabbitMQ.Console.RPCClient", "Tutorial.RabbitMQ.Console.RPCClient\Tutorial.RabbitMQ.Console.RPCClient.csproj", "{0E2ACEEA-FF23-4BD6-9410-BC3961D83EDD}"
EndProject
Global
	GlobalSection(SolutionConfigurationPlatforms) = preSolution
		Debug|Any CPU = Debug|Any CPU
		Release|Any CPU = Release|Any CPU
	EndGlobalSection
	GlobalSection(ProjectConfigurationPlatforms) = postSolution
		{3A9EB80C-C64E-4EB0-A0A9-EB2AF3C468C3}.Debug|Any CPU.ActiveCfg = Debug|Any CPU
		{3A9EB80C-C64E-4EB0-A0A9-EB2AF3C468C3}.Debug|Any CPU.Build.0 = Debug|Any CPU
		{3A9EB80C-C64E-4EB0-A0A9-EB2AF3C468C3}.Release|Any CPU.ActiveCfg = Release|Any CPU
		{3A9EB80C-C64E-4EB0-A0A9-EB2AF3C468C3}.Release|Any CPU.Build.0 = Release|Any CPU
		{83FF2D0B-EE44-45A5-BCA9-8E9A9A283C83}.Debug|Any CPU.ActiveCfg = Debug|Any CPU
		{83FF2D0B-EE44-45A5-BCA9-8E9A9A283C83}.Debug|Any CPU.Build.0 = Debug|Any CPU
		{83FF2D0B-EE44-45A5-BCA9-8E9A9A283C83}.Release|Any CPU.ActiveCfg = Release|Any CPU
		{83FF2D0B-EE44-45A5-BCA9-8E9A9A283C83}.Release|Any CPU.Build.0 = Release|Any CPU
		{E1D63EAD-60E9-4FE5-B11B-A32995992AFC}.Debug|Any CPU.ActiveCfg = Debug|Any CPU
		{E1D63EAD-60E9-4FE5-B11B-A32995992AFC}.Debug|Any CPU.Build.0 = Debug|Any CPU
		{E1D63EAD-60E9-4FE5-B11B-A32995992AFC}.Release|Any CPU.ActiveCfg = Release|Any CPU
		{E1D63EAD-60E9-4FE5-B11B-A32995992AFC}.Release|Any CPU.Build.0 = Release|Any CPU
		{95234244-9F35-48B5-84B5-421D2BE20264}.Debug|Any CPU.ActiveCfg = Debug|Any CPU
		{95234244-9F35-48B5-84B5-421D2BE20264}.Debug|Any CPU.Build.0 = Debug|Any CPU
		{95234244-9F35-48B5-84B5-421D2BE20264}.Release|Any CPU.ActiveCfg = Release|Any CPU
		{95234244-9F35-48B5-84B5-421D2BE20264}.Release|Any CPU.Build.0 = Release|Any CPU
		{33D24547-D67D-4FEB-8C26-E7DFFA3527A4}.Debug|Any CPU.ActiveCfg = Debug|Any CPU
		{33D24547-D67D-4FEB-8C26-E7DFFA3527A4}.Debug|Any CPU.Build.0 = Debug|Any CPU
		{33D24547-D67D-4FEB-8C26-E7DFFA3527A4}.Release|Any CPU.ActiveCfg = Release|Any CPU
		{33D24547-D67D-4FEB-8C26-E7DFFA3527A4}.Release|Any CPU.Build.0 = Release|Any CPU
		{BB96A1AD-69F5-4D7A-B305-4E5D7E87A2BF}.Debug|Any CPU.ActiveCfg = Debug|Any CPU
		{BB96A1AD-69F5-4D7A-B305-4E5D7E87A2BF}.Debug|Any CPU.Build.0 = Debug|Any CPU
		{BB96A1AD-69F5-4D7A-B305-4E5D7E87A2BF}.Release|Any CPU.ActiveCfg = Release|Any CPU
		{BB96A1AD-69F5-4D7A-B305-4E5D7E87A2BF}.Release|Any CPU.Build.0 = Release|Any CPU
		{36029E5A-A2EF-445F-ABB0-5BCBD25E44FD}.Debug|Any CPU.ActiveCfg = Debug|Any CPU
		{36029E5A-A2EF-445F-ABB0-5BCBD25E44FD}.Debug|Any CPU.Build.0 = Debug|Any CPU
		{36029E5A-A2EF-445F-ABB0-5BCBD25E44FD}.Release|Any CPU.ActiveCfg = Release|Any CPU
		{36029E5A-A2EF-445F-ABB0-5BCBD25E44FD}.Release|Any CPU.Build.0 = Release|Any CPU
		{9F3ECD8E-BEB4-459D-89BD-0705E87FED73}.Debug|Any CPU.ActiveCfg = Debug|Any CPU
		{9F3ECD8E-BEB4-459D-89BD-0705E87FED73}.Debug|Any CPU.Build.0 = Debug|Any CPU
		{9F3ECD8E-BEB4-459D-89BD-0705E87FED73}.Release|Any CPU.ActiveCfg = Release|Any CPU
		{9F3ECD8E-BEB4-459D-89BD-0705E87FED73}.Release|Any CPU.Build.0 = Release|Any CPU
		{09AB929F-73B6-4024-B911-AF2F03A1837B}.Debug|Any CPU.ActiveCfg = Debug|Any CPU
		{09AB929F-73B6-4024-B911-AF2F03A1837B}.Debug|Any CPU.Build.0 = Debug|Any CPU
		{09AB929F-73B6-4024-B911-AF2F03A1837B}.Release|Any CPU.ActiveCfg = Release|Any CPU
		{09AB929F-73B6-4024-B911-AF2F03A1837B}.Release|Any CPU.Build.0 = Release|Any CPU
		{6C0F7FED-3833-430C-9CB1-1E635030A48B}.Debug|Any CPU.ActiveCfg = Debug|Any CPU
		{6C0F7FED-3833-430C-9CB1-1E635030A48B}.Debug|Any CPU.Build.0 = Debug|Any CPU
		{6C0F7FED-3833-430C-9CB1-1E635030A48B}.Release|Any CPU.ActiveCfg = Release|Any CPU
		{6C0F7FED-3833-430C-9CB1-1E635030A48B}.Release|Any CPU.Build.0 = Release|Any CPU
		{B1D95063-4309-425E-9134-A2C3C4B019F8}.Debug|Any CPU.ActiveCfg = Debug|Any CPU
		{B1D95063-4309-425E-9134-A2C3C4B019F8}.Debug|Any CPU.Build.0 = Debug|Any CPU
		{B1D95063-4309-425E-9134-A2C3C4B019F8}.Release|Any CPU.ActiveCfg = Release|Any CPU
		{B1D95063-4309-425E-9134-A2C3C4B019F8}.Release|Any CPU.Build.0 = Release|Any CPU
		{0E2ACEEA-FF23-4BD6-9410-BC3961D83EDD}.Debug|Any CPU.ActiveCfg = Debug|Any CPU
		{0E2ACEEA-FF23-4BD6-9410-BC3961D83EDD}.Debug|Any CPU.Build.0 = Debug|Any CPU
		{0E2ACEEA-FF23-4BD6-9410-BC3961D83EDD}.Release|Any CPU.ActiveCfg = Release|Any CPU
		{0E2ACEEA-FF23-4BD6-9410-BC3961D83EDD}.Release|Any CPU.Build.0 = Release|Any CPU
	EndGlobalSection
	GlobalSection(SolutionProperties) = preSolution
		HideSolutionNode = FALSE
	EndGlobalSection
	GlobalSection(NestedProjects) = preSolution
		{3A9EB80C-C64E-4EB0-A0A9-EB2AF3C468C3} = {0CEB372D-E82E-43EB-9386-C340A3EBD2B2}
		{83FF2D0B-EE44-45A5-BCA9-8E9A9A283C83} = {0CEB372D-E82E-43EB-9386-C340A3EBD2B2}
		{E1D63EAD-60E9-4FE5-B11B-A32995992AFC} = {C6745A90-0523-45D5-8D40-8406CBBE2D5A}
		{95234244-9F35-48B5-84B5-421D2BE20264} = {C6745A90-0523-45D5-8D40-8406CBBE2D5A}
		{33D24547-D67D-4FEB-8C26-E7DFFA3527A4} = {ECFD14A2-DC0A-4F2E-A12B-5F9C2D57CE11}
		{BB96A1AD-69F5-4D7A-B305-4E5D7E87A2BF} = {ECFD14A2-DC0A-4F2E-A12B-5F9C2D57CE11}
		{36029E5A-A2EF-445F-ABB0-5BCBD25E44FD} = {C487ED4B-21F0-4969-86BB-863B088BD7B0}
		{9F3ECD8E-BEB4-459D-89BD-0705E87FED73} = {C487ED4B-21F0-4969-86BB-863B088BD7B0}
		{09AB929F-73B6-4024-B911-AF2F03A1837B} = {E13BE1D4-CB15-4A45-8097-397D9E552000}
		{6C0F7FED-3833-430C-9CB1-1E635030A48B} = {E13BE1D4-CB15-4A45-8097-397D9E552000}
		{B1D95063-4309-425E-9134-A2C3C4B019F8} = {97523ADE-31E1-4C9D-B7FD-BC9C6C1C2DF9}
		{0E2ACEEA-FF23-4BD6-9410-BC3961D83EDD} = {97523ADE-31E1-4C9D-B7FD-BC9C6C1C2DF9}
	EndGlobalSection
	GlobalSection(ExtensibilityGlobals) = postSolution
		SolutionGuid = {F38BDFBB-F9A8-4372-973D-39FB03E21EA4}
	EndGlobalSection
EndGlobal
